
Microsoft Visual Studio Solution File, Format Version 12.00
# Visual Studio Version 17
VisualStudioVersion = 17.12.35514.174 d17.12
MinimumVisualStudioVersion = 10.0.40219.1
Project("{FAE04EC0-301F-11D3-BF4B-00C04F79EFBC}") = "Product Manager Mini API", "Product Manager Mini API\Product Manager Mini API.csproj", "{D9E15582-BF9F-4015-8B03-753D3F51672F}"
EndProject
Global
	GlobalSection(SolutionConfigurationPlatforms) = preSolution
		Debug|Any CPU = Debug|Any CPU
		Release|Any CPU = Release|Any CPU
	EndGlobalSection
	GlobalSection(ProjectConfigurationPlatforms) = postSolution
		{D9E15582-BF9F-4015-8B03-753D3F51672F}.Debug|Any CPU.ActiveCfg = Debug|Any CPU
		{D9E15582-BF9F-4015-8B03-753D3F51672F}.Debug|Any CPU.Build.0 = Debug|Any CPU
		{D9E15582-BF9F-4015-8B03-753D3F51672F}.Release|Any CPU.ActiveCfg = Release|Any CPU
		{D9E15582-BF9F-4015-8B03-753D3F51672F}.Release|Any CPU.Build.0 = Release|Any CPU
	EndGlobalSection
	GlobalSection(SolutionProperties) = preSolution
		HideSolutionNode = FALSE
	EndGlobalSection
EndGlobal
